
Microsoft Visual Studio Solution File, Format Version 12.00
# Visual Studio 15
VisualStudioVersion = 15.0.28307.572
MinimumVisualStudioVersion = 10.0.40219.1
Project("{FAE04EC0-301F-11D3-BF4B-00C04F79EFBC}") = "Test_Dubrovin_Nikita", "Test_Dubrovin_Nikita\Test_Dubrovin_Nikita.csproj", "{69194388-1738-4939-AE7B-401ABE9044B7}"
EndProject
Global
	GlobalSection(SolutionConfigurationPlatforms) = preSolution
		Debug|Any CPU = Debug|Any CPU
		Release|Any CPU = Release|Any CPU
	EndGlobalSection
	GlobalSection(ProjectConfigurationPlatforms) = postSolution
		{69194388-1738-4939-AE7B-401ABE9044B7}.Debug|Any CPU.ActiveCfg = Debug|Any CPU
		{69194388-1738-4939-AE7B-401ABE9044B7}.Debug|Any CPU.Build.0 = Debug|Any CPU
		{69194388-1738-4939-AE7B-401ABE9044B7}.Release|Any CPU.ActiveCfg = Release|Any CPU
		{69194388-1738-4939-AE7B-401ABE9044B7}.Release|Any CPU.Build.0 = Release|Any CPU
	EndGlobalSection
	GlobalSection(SolutionProperties) = preSolution
		HideSolutionNode = FALSE
	EndGlobalSection
	GlobalSection(ExtensibilityGlobals) = postSolution
		SolutionGuid = {E452BFFA-6E8E-45BA-A507-8F33D1700609}
	EndGlobalSection
EndGlobal
